
Microsoft Visual Studio Solution File, Format Version 12.00
# Visual Studio Version 17
VisualStudioVersion = 17.8.34408.163
MinimumVisualStudioVersion = 10.0.40219.1
Project("{9A19103F-16F7-4668-BE54-9A1E7A4F7556}") = "Xp.FinancialPortfolioManager.API", "Xp.FinancialPortfolioManager.API\Xp.FinancialPortfolioManager.API.csproj", "{DBDE23DD-F18D-4215-B1B3-E9FD3646A1AB}"
EndProject
Project("{FAE04EC0-301F-11D3-BF4B-00C04F79EFBC}") = "Xp.FinancialPortfolioManager.Application", "Xp.FinancialPortfolioManager.Application\Xp.FinancialPortfolioManager.Application.csproj", "{B8027054-63C4-4881-A59D-7CE8F9303A6F}"
EndProject
Project("{FAE04EC0-301F-11D3-BF4B-00C04F79EFBC}") = "Xp.FinancialPortfolioManager.Contracts", "Xp.FinancialPortfolioManager.Contracts\Xp.FinancialPortfolioManager.Contracts.csproj", "{D344165B-8B4C-4A14-B9B3-4BC31917A4AF}"
EndProject
Project("{FAE04EC0-301F-11D3-BF4B-00C04F79EFBC}") = "Xp.FinancialPortfolioManager.Domain", "Xp.FinancialPortfolioManager.Domain\Xp.FinancialPortfolioManager.Domain.csproj", "{A6756531-89F5-468F-8FD7-EA06B4B17286}"
EndProject
Project("{FAE04EC0-301F-11D3-BF4B-00C04F79EFBC}") = "Xp.FinancialPortfolioManager.Infrastructure", "Xp.FinancialPortfolioManager.Infrastructure\Xp.FinancialPortfolioManager.Infrastructure.csproj", "{63B36895-313E-4D26-A2C7-0B92E61BB568}"
EndProject
Global
	GlobalSection(SolutionConfigurationPlatforms) = preSolution
		Debug|Any CPU = Debug|Any CPU
		Release|Any CPU = Release|Any CPU
	EndGlobalSection
	GlobalSection(ProjectConfigurationPlatforms) = postSolution
		{DBDE23DD-F18D-4215-B1B3-E9FD3646A1AB}.Debug|Any CPU.ActiveCfg = Debug|Any CPU
		{DBDE23DD-F18D-4215-B1B3-E9FD3646A1AB}.Debug|Any CPU.Build.0 = Debug|Any CPU
		{DBDE23DD-F18D-4215-B1B3-E9FD3646A1AB}.Release|Any CPU.ActiveCfg = Release|Any CPU
		{DBDE23DD-F18D-4215-B1B3-E9FD3646A1AB}.Release|Any CPU.Build.0 = Release|Any CPU
		{B8027054-63C4-4881-A59D-7CE8F9303A6F}.Debug|Any CPU.ActiveCfg = Debug|Any CPU
		{B8027054-63C4-4881-A59D-7CE8F9303A6F}.Debug|Any CPU.Build.0 = Debug|Any CPU
		{B8027054-63C4-4881-A59D-7CE8F9303A6F}.Release|Any CPU.ActiveCfg = Release|Any CPU
		{B8027054-63C4-4881-A59D-7CE8F9303A6F}.Release|Any CPU.Build.0 = Release|Any CPU
		{D344165B-8B4C-4A14-B9B3-4BC31917A4AF}.Debug|Any CPU.ActiveCfg = Debug|Any CPU
		{D344165B-8B4C-4A14-B9B3-4BC31917A4AF}.Debug|Any CPU.Build.0 = Debug|Any CPU
		{D344165B-8B4C-4A14-B9B3-4BC31917A4AF}.Release|Any CPU.ActiveCfg = Release|Any CPU
		{D344165B-8B4C-4A14-B9B3-4BC31917A4AF}.Release|Any CPU.Build.0 = Release|Any CPU
		{A6756531-89F5-468F-8FD7-EA06B4B17286}.Debug|Any CPU.ActiveCfg = Debug|Any CPU
		{A6756531-89F5-468F-8FD7-EA06B4B17286}.Debug|Any CPU.Build.0 = Debug|Any CPU
		{A6756531-89F5-468F-8FD7-EA06B4B17286}.Release|Any CPU.ActiveCfg = Release|Any CPU
		{A6756531-89F5-468F-8FD7-EA06B4B17286}.Release|Any CPU.Build.0 = Release|Any CPU
		{63B36895-313E-4D26-A2C7-0B92E61BB568}.Debug|Any CPU.ActiveCfg = Debug|Any CPU
		{63B36895-313E-4D26-A2C7-0B92E61BB568}.Debug|Any CPU.Build.0 = Debug|Any CPU
		{63B36895-313E-4D26-A2C7-0B92E61BB568}.Release|Any CPU.ActiveCfg = Release|Any CPU
		{63B36895-313E-4D26-A2C7-0B92E61BB568}.Release|Any CPU.Build.0 = Release|Any CPU
	EndGlobalSection
	GlobalSection(SolutionProperties) = preSolution
		HideSolutionNode = FALSE
	EndGlobalSection
	GlobalSection(ExtensibilityGlobals) = postSolution
		SolutionGuid = {E8C010C0-EB0A-4FEF-9D0A-E42D89F28EFE}
	EndGlobalSection
EndGlobal
